
Microsoft Visual Studio Solution File, Format Version 11.00
# Visual Studio 2010
# SharpDevelop 4.4
Project("{FAE04EC0-301F-11D3-BF4B-00C04F79EFBC}") = "Instituto", "Instituto.csproj", "{79E920CF-F980-4A4F-B256-B5DDA6AEDD98}"
EndProject
Global
	GlobalSection(SolutionConfigurationPlatforms) = preSolution
		Debug|Any CPU = Debug|Any CPU
		Release|Any CPU = Release|Any CPU
	EndGlobalSection
	GlobalSection(ProjectConfigurationPlatforms) = postSolution
		{79E920CF-F980-4A4F-B256-B5DDA6AEDD98}.Debug|Any CPU.Build.0 = Debug|Any CPU
		{79E920CF-F980-4A4F-B256-B5DDA6AEDD98}.Debug|Any CPU.ActiveCfg = Debug|Any CPU
		{79E920CF-F980-4A4F-B256-B5DDA6AEDD98}.Release|Any CPU.Build.0 = Release|Any CPU
		{79E920CF-F980-4A4F-B256-B5DDA6AEDD98}.Release|Any CPU.ActiveCfg = Release|Any CPU
	EndGlobalSection
EndGlobal
